# This file was autogenerated by Stack.
# You should not edit this file by hand.
# For more information, please see the documentation at:
#   https://docs.haskellstack.org/en/stable/lock_files

packages: []
snapshots:
- completed:
    size: 554662
    url: https://raw.githubusercontent.com/commercialhaskell/stackage-snapshots/master/nightly/2022/4/26.yaml
    sha256: 8ac56433d2f176cd2bc4cb231bf967633b051aec1b7c4ebdb7da2466dbf46af3
  original: nightly-2022-04-26
