# This file was autogenerated by Stack.
# You should not edit this file by hand.
# For more information, please see the documentation at:
#   https://docs.haskellstack.org/en/stable/lock_files

packages: []
snapshots:
- completed:
    size: 545843
    url: https://raw.githubusercontent.com/commercialhaskell/stackage-snapshots/master/nightly/2022/4/5.yaml
    sha256: 8e71e780e1e76daee650ed0dda641f25a210e9288d671ec55756579704736a49
  original: nightly-2022-04-05
