# This file was autogenerated by Stack.
# You should not edit this file by hand.
# For more information, please see the documentation at:
#   https://docs.haskellstack.org/en/stable/lock_files

packages: []
snapshots:
- completed:
    size: 554666
    url: https://raw.githubusercontent.com/commercialhaskell/stackage-snapshots/master/nightly/2022/4/20.yaml
    sha256: 17a6cf846ed1a13e3ecb1ae2beacbcc3f8850f74daa10e52120a1357ace0bb80
  original: nightly-2022-04-20
